
Microsoft Visual Studio Solution File, Format Version 12.00
# Visual Studio Version 16
VisualStudioVersion = 16.0.31613.86
MinimumVisualStudioVersion = 10.0.40219.1
Project("{FAE04EC0-301F-11D3-BF4B-00C04F79EFBC}") = "Assignment 1 Nifty Repair Service", "Assignment 1 Nifty Repair Service\Assignment 1 Nifty Repair Service.csproj", "{29985F7C-5FBD-43BA-9B74-BB3A197AD497}"
EndProject
Global
	GlobalSection(SolutionConfigurationPlatforms) = preSolution
		Debug|Any CPU = Debug|Any CPU
		Release|Any CPU = Release|Any CPU
	EndGlobalSection
	GlobalSection(ProjectConfigurationPlatforms) = postSolution
		{29985F7C-5FBD-43BA-9B74-BB3A197AD497}.Debug|Any CPU.ActiveCfg = Debug|Any CPU
		{29985F7C-5FBD-43BA-9B74-BB3A197AD497}.Debug|Any CPU.Build.0 = Debug|Any CPU
		{29985F7C-5FBD-43BA-9B74-BB3A197AD497}.Release|Any CPU.ActiveCfg = Release|Any CPU
		{29985F7C-5FBD-43BA-9B74-BB3A197AD497}.Release|Any CPU.Build.0 = Release|Any CPU
	EndGlobalSection
	GlobalSection(SolutionProperties) = preSolution
		HideSolutionNode = FALSE
	EndGlobalSection
	GlobalSection(ExtensibilityGlobals) = postSolution
		SolutionGuid = {6268329C-0852-41EF-86B4-AB61F308A6ED}
	EndGlobalSection
EndGlobal
