
Microsoft Visual Studio Solution File, Format Version 12.00
# Visual Studio Version 16
VisualStudioVersion = 16.0.31613.86
MinimumVisualStudioVersion = 10.0.40219.1
Project("{FAE04EC0-301F-11D3-BF4B-00C04F79EFBC}") = "Assignment 5 DaVinci -Inheritance Assignment", "Assignment 5 DaVinci -Inheritance Assignment\Assignment 5 DaVinci -Inheritance Assignment.csproj", "{E9823778-E891-426A-9DC3-69ADE075CE29}"
EndProject
Project("{FAE04EC0-301F-11D3-BF4B-00C04F79EFBC}") = "Assignment 5 Classes", "Assignment 5 Classes\Assignment 5 Classes.csproj", "{A63DAD75-77D9-44B2-944F-033540676AC5}"
EndProject
Global
	GlobalSection(SolutionConfigurationPlatforms) = preSolution
		Debug|Any CPU = Debug|Any CPU
		Release|Any CPU = Release|Any CPU
	EndGlobalSection
	GlobalSection(ProjectConfigurationPlatforms) = postSolution
		{E9823778-E891-426A-9DC3-69ADE075CE29}.Debug|Any CPU.ActiveCfg = Debug|Any CPU
		{E9823778-E891-426A-9DC3-69ADE075CE29}.Debug|Any CPU.Build.0 = Debug|Any CPU
		{E9823778-E891-426A-9DC3-69ADE075CE29}.Release|Any CPU.ActiveCfg = Release|Any CPU
		{E9823778-E891-426A-9DC3-69ADE075CE29}.Release|Any CPU.Build.0 = Release|Any CPU
		{A63DAD75-77D9-44B2-944F-033540676AC5}.Debug|Any CPU.ActiveCfg = Debug|Any CPU
		{A63DAD75-77D9-44B2-944F-033540676AC5}.Debug|Any CPU.Build.0 = Debug|Any CPU
		{A63DAD75-77D9-44B2-944F-033540676AC5}.Release|Any CPU.ActiveCfg = Release|Any CPU
		{A63DAD75-77D9-44B2-944F-033540676AC5}.Release|Any CPU.Build.0 = Release|Any CPU
	EndGlobalSection
	GlobalSection(SolutionProperties) = preSolution
		HideSolutionNode = FALSE
	EndGlobalSection
	GlobalSection(ExtensibilityGlobals) = postSolution
		SolutionGuid = {5BBD36FF-74A6-4E88-B74A-68F49B0E0F1C}
	EndGlobalSection
EndGlobal
