
Microsoft Visual Studio Solution File, Format Version 12.00
# Visual Studio Version 16
VisualStudioVersion = 16.0.31613.86
MinimumVisualStudioVersion = 10.0.40219.1
Project("{FAE04EC0-301F-11D3-BF4B-00C04F79EFBC}") = "Assignment 8 Cottages", "Assignment 8 Cottages\Assignment 8 Cottages.csproj", "{D9513982-1B62-4564-9176-F94D9E920F50}"
EndProject
Global
	GlobalSection(SolutionConfigurationPlatforms) = preSolution
		Debug|Any CPU = Debug|Any CPU
		Release|Any CPU = Release|Any CPU
	EndGlobalSection
	GlobalSection(ProjectConfigurationPlatforms) = postSolution
		{D9513982-1B62-4564-9176-F94D9E920F50}.Debug|Any CPU.ActiveCfg = Debug|Any CPU
		{D9513982-1B62-4564-9176-F94D9E920F50}.Debug|Any CPU.Build.0 = Debug|Any CPU
		{D9513982-1B62-4564-9176-F94D9E920F50}.Release|Any CPU.ActiveCfg = Release|Any CPU
		{D9513982-1B62-4564-9176-F94D9E920F50}.Release|Any CPU.Build.0 = Release|Any CPU
	EndGlobalSection
	GlobalSection(SolutionProperties) = preSolution
		HideSolutionNode = FALSE
	EndGlobalSection
	GlobalSection(ExtensibilityGlobals) = postSolution
		SolutionGuid = {C65F0EA4-9762-4F34-9D39-B65830C82CCB}
	EndGlobalSection
EndGlobal
