
Microsoft Visual Studio Solution File, Format Version 12.00
# Visual Studio Version 16
VisualStudioVersion = 16.0.31613.86
MinimumVisualStudioVersion = 10.0.40219.1
Project("{FAE04EC0-301F-11D3-BF4B-00C04F79EFBC}") = "Assignment 2 Bank Register", "Assignment 2 Bank Register\Assignment 2 Bank Register.csproj", "{596F20D7-698B-40BC-B3B1-65FCDF6D98E0}"
EndProject
Global
	GlobalSection(SolutionConfigurationPlatforms) = preSolution
		Debug|Any CPU = Debug|Any CPU
		Release|Any CPU = Release|Any CPU
	EndGlobalSection
	GlobalSection(ProjectConfigurationPlatforms) = postSolution
		{596F20D7-698B-40BC-B3B1-65FCDF6D98E0}.Debug|Any CPU.ActiveCfg = Debug|Any CPU
		{596F20D7-698B-40BC-B3B1-65FCDF6D98E0}.Debug|Any CPU.Build.0 = Debug|Any CPU
		{596F20D7-698B-40BC-B3B1-65FCDF6D98E0}.Release|Any CPU.ActiveCfg = Release|Any CPU
		{596F20D7-698B-40BC-B3B1-65FCDF6D98E0}.Release|Any CPU.Build.0 = Release|Any CPU
	EndGlobalSection
	GlobalSection(SolutionProperties) = preSolution
		HideSolutionNode = FALSE
	EndGlobalSection
	GlobalSection(ExtensibilityGlobals) = postSolution
		SolutionGuid = {6F8AACFA-255E-4C4C-AF3E-A69137E674CD}
	EndGlobalSection
EndGlobal
