
Microsoft Visual Studio Solution File, Format Version 12.00
# Visual Studio Version 16
VisualStudioVersion = 16.0.31613.86
MinimumVisualStudioVersion = 10.0.40219.1
Project("{FAE04EC0-301F-11D3-BF4B-00C04F79EFBC}") = "Assignment7BreakEven", "Assignment7BreakEven\Assignment7BreakEven.csproj", "{51E0B88F-2D78-4EAF-B620-78F361D32A8F}"
EndProject
Global
	GlobalSection(SolutionConfigurationPlatforms) = preSolution
		Debug|Any CPU = Debug|Any CPU
		Release|Any CPU = Release|Any CPU
	EndGlobalSection
	GlobalSection(ProjectConfigurationPlatforms) = postSolution
		{51E0B88F-2D78-4EAF-B620-78F361D32A8F}.Debug|Any CPU.ActiveCfg = Debug|Any CPU
		{51E0B88F-2D78-4EAF-B620-78F361D32A8F}.Debug|Any CPU.Build.0 = Debug|Any CPU
		{51E0B88F-2D78-4EAF-B620-78F361D32A8F}.Release|Any CPU.ActiveCfg = Release|Any CPU
		{51E0B88F-2D78-4EAF-B620-78F361D32A8F}.Release|Any CPU.Build.0 = Release|Any CPU
	EndGlobalSection
	GlobalSection(SolutionProperties) = preSolution
		HideSolutionNode = FALSE
	EndGlobalSection
	GlobalSection(ExtensibilityGlobals) = postSolution
		SolutionGuid = {81045740-49D4-4797-A10C-E7E798503177}
	EndGlobalSection
EndGlobal
